// !$*UTF8*$!
{
	archiveVersion = 1;
	classes = {
	};
	objectVersion = 46;
	objects = {

/* Begin PBXBuildFile section */
		8E9311A91DAC8AAB002943BF /* AppDelegate.swift in Sources */ = {isa = PBXBuildFile; fileRef = 8E9311A81DAC8AAB002943BF /* AppDelegate.swift */; };
		8E9311AB1DAC8AAB002943BF /* TeamListViewController.swift in Sources */ = {isa = PBXBuildFile; fileRef = 8E9311AA1DAC8AAB002943BF /* TeamListViewController.swift */; };
		8E9311AE1DAC8AAB002943BF /* Main.storyboard in Resources */ = {isa = PBXBuildFile; fileRef = 8E9311AC1DAC8AAB002943BF /* Main.storyboard */; };
		8E9311B01DAC8AAB002943BF /* Assets.xcassets in Resources */ = {isa = PBXBuildFile; fileRef = 8E9311AF1DAC8AAB002943BF /* Assets.xcassets */; };
		8E9311B31DAC8AAB002943BF /* LaunchScreen.storyboard in Resources */ = {isa = PBXBuildFile; fileRef = 8E9311B11DAC8AAB002943BF /* LaunchScreen.storyboard */; };
		8E9311BB1DAC8DC0002943BF /* DetailsViewController.swift in Sources */ = {isa = PBXBuildFile; fileRef = 8E9311BA1DAC8DC0002943BF /* DetailsViewController.swift */; };
		8E9311BD1DAC8DE8002943BF /* Team.swift in Sources */ = {isa = PBXBuildFile; fileRef = 8E9311BC1DAC8DE8002943BF /* Team.swift */; };
		8E9311BF1DAC8F0D002943BF /* TeamTableViewCell.swift in Sources */ = {isa = PBXBuildFile; fileRef = 8E9311BE1DAC8F0D002943BF /* TeamTableViewCell.swift */; };
/* End PBXBuildFile section */

/* Begin PBXFileReference section */
		8E9311A51DAC8AAB002943BF /* TableViewExample.app */ = {isa = PBXFileReference; explicitFileType = wrapper.application; includeInIndex = 0; path = TableViewExample.app; sourceTree = BUILT_PRODUCTS_DIR; };
		8E9311A81DAC8AAB002943BF /* AppDelegate.swift */ = {isa = PBXFileReference; lastKnownFileType = sourcecode.swift; path = AppDelegate.swift; sourceTree = "<group>"; };
		8E9311AA1DAC8AAB002943BF /* TeamListViewController.swift */ = {isa = PBXFileReference; lastKnownFileType = sourcecode.swift; path = TeamListViewController.swift; sourceTree = "<group>"; };
		8E9311AD1DAC8AAB002943BF /* Base */ = {isa = PBXFileReference; lastKnownFileType = file.storyboard; name = Base; path = Base.lproj/Main.storyboard; sourceTree = "<group>"; };
		8E9311AF1DAC8AAB002943BF /* Assets.xcassets */ = {isa = PBXFileReference; lastKnownFileType = folder.assetcatalog; path = Assets.xcassets; sourceTree = "<group>"; };
		8E9311B21DAC8AAB002943BF /* Base */ = {isa = PBXFileReference; lastKnownFileType = file.storyboard; name = Base; path = Base.lproj/LaunchScreen.storyboard; sourceTree = "<group>"; };
		8E9311B41DAC8AAB002943BF /* Info.plist */ = {isa = PBXFileReference; lastKnownFileType = text.plist.xml; path = Info.plist; sourceTree = "<group>"; };
		8E9311BA1DAC8DC0002943BF /* DetailsViewController.swift */ = {isa = PBXFileReference; fileEncoding = 4; lastKnownFileType = sourcecode.swift; path = DetailsViewController.swift; sourceTree = "<group>"; };
		8E9311BC1DAC8DE8002943BF /* Team.swift */ = {isa = PBXFileReference; fileEncoding = 4; lastKnownFileType = sourcecode.swift; path = Team.swift; sourceTree = "<group>"; };
		8E9311BE1DAC8F0D002943BF /* TeamTableViewCell.swift */ = {isa = PBXFileReference; fileEncoding = 4; lastKnownFileType = sourcecode.swift; path = TeamTableViewCell.swift; sourceTree = "<group>"; };
/* End PBXFileReference section */

/* Begin PBXFrameworksBuildPhase section */
		8E9311A21DAC8AAB002943BF /* Frameworks */ = {
			isa = PBXFrameworksBuildPhase;
			buildActionMask = 2147483647;
			files = (
			);
			runOnlyForDeploymentPostprocessing = 0;
		};
/* End PBXFrameworksBuildPhase section */

/* Begin PBXGroup section */
		8E93119C1DAC8AAB002943BF = {
			isa = PBXGroup;
			children = (
				8E9311A71DAC8AAB002943BF /* TableViewExample */,
				8E9311A61DAC8AAB002943BF /* Products */,
			);
			sourceTree = "<group>";
		};
		8E9311A61DAC8AAB002943BF /* Products */ = {
			isa = PBXGroup;
			children = (
				8E9311A51DAC8AAB002943BF /* TableViewExample.app */,
			);
			name = Products;
			sourceTree = "<group>";
		};
		8E9311A71DAC8AAB002943BF /* TableViewExample */ = {
			isa = PBXGroup;
			children = (
				8E9311A81DAC8AAB002943BF /* AppDelegate.swift */,
				8E9311AA1DAC8AAB002943BF /* TeamListViewController.swift */,
				8E9311AC1DAC8AAB002943BF /* Main.storyboard */,
				8E9311AF1DAC8AAB002943BF /* Assets.xcassets */,
				8E9311B11DAC8AAB002943BF /* LaunchScreen.storyboard */,
				8E9311B41DAC8AAB002943BF /* Info.plist */,
				8E9311BA1DAC8DC0002943BF /* DetailsViewController.swift */,
				8E9311BC1DAC8DE8002943BF /* Team.swift */,
				8E9311BE1DAC8F0D002943BF /* TeamTableViewCell.swift */,
			);
			path = TableViewExample;
			sourceTree = "<group>";
		};
/* End PBXGroup section */

/* Begin PBXNativeTarget section */
		8E9311A41DAC8AAB002943BF /* TableViewExample */ = {
			isa = PBXNativeTarget;
			buildConfigurationList = 8E9311B71DAC8AAB002943BF /* Build configuration list for PBXNativeTarget "TableViewExample" */;
			buildPhases = (
				8E9311A11DAC8AAB002943BF /* Sources */,
				8E9311A21DAC8AAB002943BF /* Frameworks */,
				8E9311A31DAC8AAB002943BF /* Resources */,
			);
			buildRules = (
			);
			dependencies = (
			);
			name = TableViewExample;
			productName = TableViewExample;
			productReference = 8E9311A51DAC8AAB002943BF /* TableViewExample.app */;
			productType = "com.apple.product-type.application";
		};
/* End PBXNativeTarget section */

/* Begin PBXProject section */
		8E93119D1DAC8AAB002943BF /* Project object */ = {
			isa = PBXProject;
			attributes = {
				LastSwiftUpdateCheck = 0800;
				LastUpgradeCheck = 0800;
				ORGANIZATIONNAME = "Stefan Wapnick";
				TargetAttributes = {
					8E9311A41DAC8AAB002943BF = {
						CreatedOnToolsVersion = 8.0;
						DevelopmentTeam = RWP67UQGJ7;
						ProvisioningStyle = Automatic;
					};
				};
			};
			buildConfigurationList = 8E9311A01DAC8AAB002943BF /* Build configuration list for PBXProject "TableViewExample" */;
			compatibilityVersion = "Xcode 3.2";
			developmentRegion = English;
			hasScannedForEncodings = 0;
			knownRegions = (
				en,
				Base,
			);
			mainGroup = 8E93119C1DAC8AAB002943BF;
			productRefGroup = 8E9311A61DAC8AAB002943BF /* Products */;
			projectDirPath = "";
			projectRoot = "";
			targets = (
				8E9311A41DAC8AAB002943BF /* TableViewExample */,
			);
		};
/* End PBXProject section */

/* Begin PBXResourcesBuildPhase section */
		8E9311A31DAC8AAB002943BF /* Resources */ = {
			isa = PBXResourcesBuildPhase;
			buildActionMask = 2147483647;
			files = (
				8E9311B31DAC8AAB002943BF /* LaunchScreen.storyboard in Resources */,
				8E9311B01DAC8AAB002943BF /* Assets.xcassets in Resources */,
				8E9311AE1DAC8AAB002943BF /* Main.storyboard in Resources */,
			);
			runOnlyForDeploymentPostprocessing = 0;
		};
/* End PBXResourcesBuildPhase section */

/* Begin PBXSourcesBuildPhase section */
		8E9311A11DAC8AAB002943BF /* Sources */ = {
			isa = PBXSourcesBuildPhase;
			buildActionMask = 2147483647;
			files = (
				8E9311BD1DAC8DE8002943BF /* Team.swift in Sources */,
				8E9311BF1DAC8F0D002943BF /* TeamTableViewCell.swift in Sources */,
				8E9311AB1DAC8AAB002943BF /* TeamListViewController.swift in Sources */,
				8E9311A91DAC8AAB002943BF /* AppDelegate.swift in Sources */,
				8E9311BB1DAC8DC0002943BF /* DetailsViewController.swift in Sources */,
			);
			runOnlyForDeploymentPostprocessing = 0;
		};
/* End PBXSourcesBuildPhase section */

/* Begin PBXVariantGroup section */
		8E9311AC1DAC8AAB002943BF /* Main.storyboard */ = {
			isa = PBXVariantGroup;
			children = (
				8E9311AD1DAC8AAB002943BF /* Base */,
			);
			name = Main.storyboard;
			sourceTree = "<group>";
		};
		8E9311B11DAC8AAB002943BF /* LaunchScreen.storyboard */ = {
			isa = PBXVariantGroup;
			children = (
				8E9311B21DAC8AAB002943BF /* Base */,
			);
			name = LaunchScreen.storyboard;
			sourceTree = "<group>";
		};
/* End PBXVariantGroup section */

/* Begin XCBuildConfiguration section */
		8E9311B51DAC8AAB002943BF /* Debug */ = {
			isa = XCBuildConfiguration;
			buildSettings = {
				ALWAYS_SEARCH_USER_PATHS = NO;
				CLANG_ANALYZER_NONNULL = YES;
				CLANG_CXX_LANGUAGE_STANDARD = "gnu++0x";
				CLANG_CXX_LIBRARY = "libc++";
				CLANG_ENABLE_MODULES = YES;
				CLANG_ENABLE_OBJC_ARC = YES;
				CLANG_WARN_BOOL_CONVERSION = YES;
				CLANG_WARN_CONSTANT_CONVERSION = YES;
				CLANG_WARN_DIRECT_OBJC_ISA_USAGE = YES_ERROR;
				CLANG_WARN_DOCUMENTATION_COMMENTS = YES;
				CLANG_WARN_EMPTY_BODY = YES;
				CLANG_WARN_ENUM_CONVERSION = YES;
				CLANG_WARN_INFINITE_RECURSION = YES;
				CLANG_WARN_INT_CONVERSION = YES;
				CLANG_WARN_OBJC_ROOT_CLASS = YES_ERROR;
				CLANG_WARN_SUSPICIOUS_MOVES = YES;
				CLANG_WARN_UNREACHABLE_CODE = YES;
				CLANG_WARN__DUPLICATE_METHOD_MATCH = YES;
				"CODE_SIGN_IDENTITY[sdk=iphoneos*]" = "iPhone Developer";
				COPY_PHASE_STRIP = NO;
				DEBUG_INFORMATION_FORMAT = dwarf;
				ENABLE_STRICT_OBJC_MSGSEND = YES;
				ENABLE_TESTABILITY = YES;
				GCC_C_LANGUAGE_STANDARD = gnu99;
				GCC_DYNAMIC_NO_PIC = NO;
				GCC_NO_COMMON_BLOCKS = YES;
				GCC_OPTIMIZATION_LEVEL = 0;
				GCC_PREPROCESSOR_DEFINITIONS = (
					"DEBUG=1",
					"$(inherited)",
				);
				GCC_WARN_64_TO_32_BIT_CONVERSION = YES;
				GCC_WARN_ABOUT_RETURN_TYPE = YES_ERROR;
				GCC_WARN_UNDECLARED_SELECTOR = YES;
				GCC_WARN_UNINITIALIZED_AUTOS = YES_AGGRESSIVE;
				GCC_WARN_UNUSED_FUNCTION = YES;
				GCC_WARN_UNUSED_VARIABLE = YES;
				IPHONEOS_DEPLOYMENT_TARGET = 10.0;
				MTL_ENABLE_DEBUG_INFO = YES;
				ONLY_ACTIVE_ARCH = YES;
				SDKROOT = iphoneos;
				SWIFT_ACTIVE_COMPILATION_CONDITIONS = DEBUG;
				SWIFT_OPTIMIZATION_LEVEL = "-Onone";
				TARGETED_DEVICE_FAMILY = "1,2";
			};
			name = Debug;
		};
		8E9311B61DAC8AAB002943BF /* Release */ = {
			isa = XCBuildConfiguration;
			buildSettings = {
				ALWAYS_SEARCH_USER_PATHS = NO;
				CLANG_ANALYZER_NONNULL = YES;
				CLANG_CXX_LANGUAGE_STANDARD = "gnu++0x";
				CLANG_CXX_LIBRARY = "libc++";
				CLANG_ENABLE_MODULES = YES;
				CLANG_ENABLE_OBJC_ARC = YES;
				CLANG_WARN_BOOL_CONVERSION = YES;
				CLANG_WARN_CONSTANT_CONVERSION = YES;
				CLANG_WARN_DIRECT_OBJC_ISA_USAGE = YES_ERROR;
				CLANG_WARN_DOCUMENTATION_COMMENTS = YES;
				CLANG_WARN_EMPTY_BODY = YES;
				CLANG_WARN_ENUM_CONVERSION = YES;
				CLANG_WARN_INFINITE_RECURSION = YES;
				CLANG_WARN_INT_CONVERSION = YES;
				CLANG_WARN_OBJC_ROOT_CLASS = YES_ERROR;
				CLANG_WARN_SUSPICIOUS_MOVES = YES;
				CLANG_WARN_UNREACHABLE_CODE = YES;
				CLANG_WARN__DUPLICATE_METHOD_MATCH = YES;
				"CODE_SIGN_IDENTITY[sdk=iphoneos*]" = "iPhone Developer";
				COPY_PHASE_STRIP = NO;
				DEBUG_INFORMATION_FORMAT = "dwarf-with-dsym";
				ENABLE_NS_ASSERTIONS = NO;
				ENABLE_STRICT_OBJC_MSGSEND = YES;
				GCC_C_LANGUAGE_STANDARD = gnu99;
				GCC_NO_COMMON_BLOCKS = YES;
				GCC_WARN_64_TO_32_BIT_CONVERSION = YES;
				GCC_WARN_ABOUT_RETURN_TYPE = YES_ERROR;
				GCC_WARN_UNDECLARED_SELECTOR = YES;
				GCC_WARN_UNINITIALIZED_AUTOS = YES_AGGRESSIVE;
				GCC_WARN_UNUSED_FUNCTION = YES;
				GCC_WARN_UNUSED_VARIABLE = YES;
				IPHONEOS_DEPLOYMENT_TARGET = 10.0;
				MTL_ENABLE_DEBUG_INFO = NO;
				SDKROOT = iphoneos;
				SWIFT_OPTIMIZATION_LEVEL = "-Owholemodule";
				TARGETED_DEVICE_FAMILY = "1,2";
				VALIDATE_PRODUCT = YES;
			};
			name = Release;
		};
		8E9311B81DAC8AAB002943BF /* Debug */ = {
			isa = XCBuildConfiguration;
			buildSettings = {
				ASSETCATALOG_COMPILER_APPICON_NAME = AppIcon;
				DEVELOPMENT_TEAM = RWP67UQGJ7;
				INFOPLIST_FILE = TableViewExample/Info.plist;
				LD_RUNPATH_SEARCH_PATHS = "$(inherited) @executable_path/Frameworks";
				PRODUCT_BUNDLE_IDENTIFIER = com.stefanw.TableViewExample;
				PRODUCT_NAME = "$(TARGET_NAME)";
				SWIFT_VERSION = 3.0;
			};
			name = Debug;
		};
		8E9311B91DAC8AAB002943BF /* Release */ = {
			isa = XCBuildConfiguration;
			buildSettings = {
				ASSETCATALOG_COMPILER_APPICON_NAME = AppIcon;
				DEVELOPMENT_TEAM = RWP67UQGJ7;
				INFOPLIST_FILE = TableViewExample/Info.plist;
				LD_RUNPATH_SEARCH_PATHS = "$(inherited) @executable_path/Frameworks";
				PRODUCT_BUNDLE_IDENTIFIER = com.stefanw.TableViewExample;
				PRODUCT_NAME = "$(TARGET_NAME)";
				SWIFT_VERSION = 3.0;
			};
			name = Release;
		};
/* End XCBuildConfiguration section */

/* Begin XCConfigurationList section */
		8E9311A01DAC8AAB002943BF /* Build configuration list for PBXProject "TableViewExample" */ = {
			isa = XCConfigurationList;
			buildConfigurations = (
				8E9311B51DAC8AAB002943BF /* Debug */,
				8E9311B61DAC8AAB002943BF /* Release */,
			);
			defaultConfigurationIsVisible = 0;
			defaultConfigurationName = Release;
		};
		8E9311B71DAC8AAB002943BF /* Build configuration list for PBXNativeTarget "TableViewExample" */ = {
			isa = XCConfigurationList;
			buildConfigurations = (
				8E9311B81DAC8AAB002943BF /* Debug */,
				8E9311B91DAC8AAB002943BF /* Release */,
			);
			defaultConfigurationIsVisible = 0;
		};
/* End XCConfigurationList section */
	};
	rootObject = 8E93119D1DAC8AAB002943BF /* Project object */;
}
